
Microsoft Visual Studio Solution File, Format Version 12.00
# Visual Studio Version 17
VisualStudioVersion = 17.10.35027.167
MinimumVisualStudioVersion = 10.0.40219.1
Project("{FAE04EC0-301F-11D3-BF4B-00C04F79EFBC}") = "Recipehub", "Recipehub.csproj", "{B6B390C9-44D0-42CC-AB54-F734EEC5A426}"
EndProject
Global
	GlobalSection(SolutionConfigurationPlatforms) = preSolution
		Debug|Any CPU = Debug|Any CPU
		Release|Any CPU = Release|Any CPU
	EndGlobalSection
	GlobalSection(ProjectConfigurationPlatforms) = postSolution
		{B6B390C9-44D0-42CC-AB54-F734EEC5A426}.Debug|Any CPU.ActiveCfg = Debug|Any CPU
		{B6B390C9-44D0-42CC-AB54-F734EEC5A426}.Debug|Any CPU.Build.0 = Debug|Any CPU
		{B6B390C9-44D0-42CC-AB54-F734EEC5A426}.Release|Any CPU.ActiveCfg = Release|Any CPU
		{B6B390C9-44D0-42CC-AB54-F734EEC5A426}.Release|Any CPU.Build.0 = Release|Any CPU
	EndGlobalSection
	GlobalSection(SolutionProperties) = preSolution
		HideSolutionNode = FALSE
	EndGlobalSection
	GlobalSection(ExtensibilityGlobals) = postSolution
		SolutionGuid = {E1532F2F-DDEE-47DD-BFD0-855B81C6F463}
	EndGlobalSection
EndGlobal
